# THIS IS AN AUTOGENERATED FILE. DO NOT EDIT THIS FILE DIRECTLY.
# yarn lockfile v1


"@babel/runtime@^7.11.2", "@babel/runtime@^7.3.1", "@babel/runtime@^7.4.4", "@babel/runtime@^7.5.5", "@babel/runtime@^7.8.3", "@babel/runtime@^7.8.7":
  "integrity" "sha512-plcc+hbExy3McchJCEQG3knOsuh3HH+Prx1P6cLIkET/0dLuQDEnrT+s27Axgc9bqfsmNUNHfscgMUdBpC9xfg=="
  "resolved" "https://registry.npmjs.org/@babel/runtime/-/runtime-7.12.5.tgz"
  "version" "7.12.5"
  dependencies:
    "regenerator-runtime" "^0.13.4"

"@emotion/hash@^0.8.0":
  "integrity" "sha512-kBJtf7PH6aWwZ6fka3zQ0p6SBYzx4fl1LoZXE2RrnYST9Xljm7WfKJrU4g/Xr3Beg72MLrp1AWNUmuYJTL7Cow=="
  "resolved" "https://registry.npmjs.org/@emotion/hash/-/hash-0.8.0.tgz"
  "version" "0.8.0"

"@material-ui/core@^4.0.0", "@material-ui/core@^4.x", "@material-ui/core@4.x":
  "integrity" "sha512-bYo9uIub8wGhZySHqLQ833zi4ZML+XCBE1XwJ8EuUVSpTWWG57Pm+YugQToJNFsEyiKFhPh8DPD0bgupz8n01g=="
  "resolved" "https://registry.npmjs.org/@material-ui/core/-/core-4.11.0.tgz"
  "version" "4.11.0"
  dependencies:
    "@babel/runtime" "^7.4.4"
    "@material-ui/styles" "^4.10.0"
    "@material-ui/system" "^4.9.14"
    "@material-ui/types" "^5.1.0"
    "@material-ui/utils" "^4.10.2"
    "@types/react-transition-group" "^4.2.0"
    "clsx" "^1.0.4"
    "hoist-non-react-statics" "^3.3.2"
    "popper.js" "1.16.1-lts"
    "prop-types" "^15.7.2"
    "react-is" "^16.8.0"
    "react-transition-group" "^4.4.0"

"@material-ui/icons@^4.x":
  "integrity" "sha512-GBitL3oBWO0hzBhvA9KxqcowRUsA0qzwKkURyC8nppnC3fw54KPKZ+d4V1Eeg/UnDRSzDaI9nGCdel/eh9AQMg=="
  "resolved" "https://registry.npmjs.org/@material-ui/icons/-/icons-4.9.1.tgz"
  "version" "4.9.1"
  dependencies:
    "@babel/runtime" "^7.4.4"

"@material-ui/styles@^4.10.0", "@material-ui/styles@4.x":
  "integrity" "sha512-XPwiVTpd3rlnbfrgtEJ1eJJdFCXZkHxy8TrdieaTvwxNYj42VnnCyFzxYeNW9Lhj4V1oD8YtQ6S5Gie7bZDf7Q=="
  "resolved" "https://registry.npmjs.org/@material-ui/styles/-/styles-4.10.0.tgz"
  "version" "4.10.0"
  dependencies:
    "@babel/runtime" "^7.4.4"
    "@emotion/hash" "^0.8.0"
    "@material-ui/types" "^5.1.0"
    "@material-ui/utils" "^4.9.6"
    "clsx" "^1.0.4"
    "csstype" "^2.5.2"
    "hoist-non-react-statics" "^3.3.2"
    "jss" "^10.0.3"
    "jss-plugin-camel-case" "^10.0.3"
    "jss-plugin-default-unit" "^10.0.3"
    "jss-plugin-global" "^10.0.3"
    "jss-plugin-nested" "^10.0.3"
    "jss-plugin-props-sort" "^10.0.3"
    "jss-plugin-rule-value-function" "^10.0.3"
    "jss-plugin-vendor-prefixer" "^10.0.3"
    "prop-types" "^15.7.2"

"@material-ui/system@^4.9.14":
  "integrity" "sha512-oQbaqfSnNlEkXEziDcJDDIy8pbvwUmZXWNqlmIwDqr/ZdCK8FuV3f4nxikUh7hvClKV2gnQ9djh5CZFTHkZj3w=="
  "resolved" "https://registry.npmjs.org/@material-ui/system/-/system-4.9.14.tgz"
  "version" "4.9.14"
  dependencies:
    "@babel/runtime" "^7.4.4"
    "@material-ui/utils" "^4.9.6"
    "csstype" "^2.5.2"
    "prop-types" "^15.7.2"

"@material-ui/types@^5.1.0":
  "integrity" "sha512-7cqRjrY50b8QzRSYyhSpx4WRw2YuO0KKIGQEVk5J8uoz2BanawykgZGoWEqKm7pVIbzFDN0SpPcVV4IhOFkl8A=="
  "resolved" "https://registry.npmjs.org/@material-ui/types/-/types-5.1.0.tgz"
  "version" "5.1.0"

"@material-ui/utils@^4.10.2", "@material-ui/utils@^4.9.6":
  "integrity" "sha512-eg29v74P7W5r6a4tWWDAAfZldXIzfyO1am2fIsC39hdUUHm/33k6pGOKPbgDjg/U/4ifmgAePy/1OjkKN6rFRw=="
  "resolved" "https://registry.npmjs.org/@material-ui/utils/-/utils-4.10.2.tgz"
  "version" "4.10.2"
  dependencies:
    "@babel/runtime" "^7.4.4"
    "prop-types" "^15.7.2"
    "react-is" "^16.8.0"

"@mui-treasury/components@^1.9.1":
  "integrity" "sha512-I7AE8VbYvMRZQqgi+n5pGA8VfYlV0AQGtOZEwViWRO9rOCwqSROtPqFTeZu6mV2JN9qJb8hXPwsSneZpbuHnIg=="
  "resolved" "https://registry.npmjs.org/@mui-treasury/components/-/components-1.9.1.tgz"
  "version" "1.9.1"
  dependencies:
    "@mui-treasury/styles" "^1.13.0"
    "@mui-treasury/utils" "^0.4.1"
    "use-deep-compare-effect" "^1.3.0"

"@mui-treasury/styles@^1.13.0":
  "integrity" "sha512-5r1reUQgtFUE6jThvdnS7J7sjUI3RSzCudvyXfsxh0XCgzAvvNXMvZy/RCDBdVNa1gqw2QN37n5q3VwgKCQd6g=="
  "resolved" "https://registry.npmjs.org/@mui-treasury/styles/-/styles-1.13.0.tgz"
  "version" "1.13.0"
  dependencies:
    "@mui-treasury/utils" "^0.4.1"
    "color" "^3.1.2"

"@mui-treasury/utils@^0.4.1":
  "integrity" "sha512-XcJOUrQodx2VCouk6uvYw+MChVGXPy1abe7PxqpxIGEr6s1QwV8HhgA4q/+eq0//IQ6oDXGlym4PSDO3Yh/lHA=="
  "resolved" "https://registry.npmjs.org/@mui-treasury/utils/-/utils-0.4.1.tgz"
  "version" "0.4.1"
  dependencies:
    "lodash.get" "^4.4.2"
    "lodash.isequal" "^4.5.0"

"@types/prop-types@*":
  "integrity" "sha512-KfRL3PuHmqQLOG+2tGpRO26Ctg+Cq1E01D2DMriKEATHgWLfeNDmq9e29Q9WIky0dQ3NPkd1mzYH8Lm936Z9qw=="
  "resolved" "https://registry.npmjs.org/@types/prop-types/-/prop-types-15.7.3.tgz"
  "version" "15.7.3"

"@types/react-transition-group@^4.2.0":
  "integrity" "sha512-/QfLHGpu+2fQOqQaXh8MG9q03bFENooTb/it4jr5kKaZlDQfWvjqWZg48AwzPVMBHlRuTRAY7hRHCEOXz5kV6w=="
  "resolved" "https://registry.npmjs.org/@types/react-transition-group/-/react-transition-group-4.4.0.tgz"
  "version" "4.4.0"
  dependencies:
    "@types/react" "*"

"@types/react@*", "@types/react@^16.8.6":
  "integrity" "sha512-gIkl4J44G/qxbuC6r2Xh+D3CGZpJ+NdWTItAPmZbR5mUS+JQ8Zvzpl0ea5qT/ZT3ZNTUcDKUVqV3xBE8wv/DyQ=="
  "resolved" "https://registry.npmjs.org/@types/react/-/react-16.9.56.tgz"
  "version" "16.9.56"
  dependencies:
    "@types/prop-types" "*"
    "csstype" "^3.0.2"

"@types/use-deep-compare-effect@^1.2.0":
  "integrity" "sha512-2uNqaSobMvUTGR7G72tUHDX+Kx341q25OuM0m2B6VID7eljIvYuDaFTKfmDnbvej67yEhCc35zA6dmIYriwOXA=="
  "resolved" "https://registry.npmjs.org/@types/use-deep-compare-effect/-/use-deep-compare-effect-1.2.0.tgz"
  "version" "1.2.0"
  dependencies:
    "@types/react" "*"

"clsx@^1.0.4":
  "integrity" "sha512-6/bPho624p3S2pMyvP5kKBPXnI3ufHLObBFCfgx+LkeR5lg2XYy2hqZqUf45ypD8COn2bhgGJSUE+l5dhNBieA=="
  "resolved" "https://registry.npmjs.org/clsx/-/clsx-1.1.1.tgz"
  "version" "1.1.1"

"color-convert@^1.9.1":
  "integrity" "sha512-QfAUtd+vFdAtFQcC8CCyYt1fYWxSqAiK2cSD6zDB8N3cpsEBAvRxp9zOGg6G/SHHJYAT88/az/IuDGALsNVbGg=="
  "resolved" "https://registry.npmjs.org/color-convert/-/color-convert-1.9.3.tgz"
  "version" "1.9.3"
  dependencies:
    "color-name" "1.1.3"

"color-name@^1.0.0", "color-name@1.1.3":
  "integrity" "sha1-p9BVi9icQveV3UIyj3QIMcpTvCU="
  "resolved" "https://registry.npmjs.org/color-name/-/color-name-1.1.3.tgz"
  "version" "1.1.3"

"color-string@^1.5.4":
  "integrity" "sha512-57yF5yt8Xa3czSEW1jfQDE79Idk0+AkN/4KWad6tbdxUmAs3MvjxlWSWD4deYytcRfoZ9nhKyFl1kj5tBvidbw=="
  "resolved" "https://registry.npmjs.org/color-string/-/color-string-1.5.4.tgz"
  "version" "1.5.4"
  dependencies:
    "color-name" "^1.0.0"
    "simple-swizzle" "^0.2.2"

"color@^3.1.2":
  "integrity" "sha512-xgXAcTHa2HeFCGLE9Xs/R82hujGtu9Jd9x4NW3T34+OMs7VoPsjwzRczKHvTAHeJwWFwX5j15+MgAppE8ztObQ=="
  "resolved" "https://registry.npmjs.org/color/-/color-3.1.3.tgz"
  "version" "3.1.3"
  dependencies:
    "color-convert" "^1.9.1"
    "color-string" "^1.5.4"

"css-vendor@^2.0.8":
  "integrity" "sha512-x9Aq0XTInxrkuFeHKbYC7zWY8ai7qJ04Kxd9MnvbC1uO5DagxoHQjm4JvG+vCdXOoFtCjbL2XSZfxmoYa9uQVQ=="
  "resolved" "https://registry.npmjs.org/css-vendor/-/css-vendor-2.0.8.tgz"
  "version" "2.0.8"
  dependencies:
    "@babel/runtime" "^7.8.3"
    "is-in-browser" "^1.0.2"

"csstype@^2.5.2":
  "integrity" "sha512-2mSc+VEpGPblzAxyeR+vZhJKgYg0Og0nnRi7pmRXFYYxSfnOnW8A5wwQb4n4cE2nIOzqKOAzLCaEX6aBmNEv8A=="
  "resolved" "https://registry.npmjs.org/csstype/-/csstype-2.6.14.tgz"
  "version" "2.6.14"

"csstype@^3.0.2":
  "integrity" "sha512-xc8DUsCLmjvCfoD7LTGE0ou2MIWLx0K9RCZwSHMOdynqRsP4MtUcLeqh1HcQ2dInwDTqn+3CE0/FZh1et+p4jA=="
  "resolved" "https://registry.npmjs.org/csstype/-/csstype-3.0.4.tgz"
  "version" "3.0.4"

"d3-array@^1.2.0":
  "integrity" "sha512-KHW6M86R+FUPYGb3R5XiYjXPq7VzwxZ22buHhAEVG5ztoEcZZMLov530mmccaqA1GghZArjQV46fuc8kUqhhHw=="
  "resolved" "https://registry.npmjs.org/d3-array/-/d3-array-1.2.4.tgz"
  "version" "1.2.4"

"d3-array@^2.4.0":
  "integrity" "sha512-6V272gsOeg7+9pTW1jSYOR1QE37g95I3my1hBmY+vOUNHRrk9yt4OTz/gK7PMkVAVDrYYq4mq3grTiZ8iJdNIw=="
  "resolved" "https://registry.npmjs.org/d3-array/-/d3-array-2.8.0.tgz"
  "version" "2.8.0"

"d3-collection@1":
  "integrity" "sha512-ii0/r5f4sjKNTfh84Di+DpztYwqKhEyUlKoPrzUFfeSkWxjW49xU2QzO9qrPrNkpdI0XJkfzvmTu8V2Zylln6A=="
  "resolved" "https://registry.npmjs.org/d3-collection/-/d3-collection-1.0.7.tgz"
  "version" "1.0.7"

"d3-color@1":
  "integrity" "sha512-p2sTHSLCJI2QKunbGb7ocOh7DgTAn8IrLx21QRc/BSnodXM4sv6aLQlnfpvehFMLZEfBc6g9pH9SWQccFYfJ9Q=="
  "resolved" "https://registry.npmjs.org/d3-color/-/d3-color-1.4.1.tgz"
  "version" "1.4.1"

"d3-ease@^1.0.0":
  "integrity" "sha512-lx14ZPYkhNx0s/2HX5sLFUI3mbasHjSSpwO/KaaNACweVwxUruKyWVcb293wMv1RqTPZyZ8kSZ2NogUZNcLOFQ=="
  "resolved" "https://registry.npmjs.org/d3-ease/-/d3-ease-1.0.7.tgz"
  "version" "1.0.7"

"d3-format@1":
  "integrity" "sha512-J0piedu6Z8iB6TbIGfZgDzfXxUFN3qQRMofy2oPdXzQibYGqPB/9iMcxr/TGalU+2RsyDO+U4f33id8tbnSRMQ=="
  "resolved" "https://registry.npmjs.org/d3-format/-/d3-format-1.4.5.tgz"
  "version" "1.4.5"

"d3-interpolate@^1.1.1", "d3-interpolate@1":
  "integrity" "sha512-V9znK0zc3jOPV4VD2zZn0sDhZU3WAE2bmlxdIwwQPPzPjvyLkd8B3JUVdS1IDUFDkWZ72c9qnv1GK2ZagTZ8EA=="
  "resolved" "https://registry.npmjs.org/d3-interpolate/-/d3-interpolate-1.4.0.tgz"
  "version" "1.4.0"
  dependencies:
    "d3-color" "1"

"d3-path@1":
  "integrity" "sha512-VLaYcn81dtHVTjEHd8B+pbe9yHWpXKZUC87PzoFmsFrJqgFwDe/qxfp5MlfsfM1V5E/iVt0MmEbWQ7FVIXh/bg=="
  "resolved" "https://registry.npmjs.org/d3-path/-/d3-path-1.0.9.tgz"
  "version" "1.0.9"

"d3-scale@^1.0.0":
  "integrity" "sha512-KvU92czp2/qse5tUfGms6Kjig0AhHOwkzXG0+PqIJB3ke0WUv088AHMZI0OssO9NCkXt4RP8yju9rpH8aGB7Lw=="
  "resolved" "https://registry.npmjs.org/d3-scale/-/d3-scale-1.0.7.tgz"
  "version" "1.0.7"
  dependencies:
    "d3-array" "^1.2.0"
    "d3-collection" "1"
    "d3-color" "1"
    "d3-format" "1"
    "d3-interpolate" "1"
    "d3-time" "1"
    "d3-time-format" "2"

"d3-shape@^1.0.0", "d3-shape@^1.2.0":
  "integrity" "sha512-EUkvKjqPFUAZyOlhY5gzCxCeI0Aep04LwIRpsZ/mLFelJiUfnK56jo5JMDSE7yyP2kLSb6LtF+S5chMk7uqPqw=="
  "resolved" "https://registry.npmjs.org/d3-shape/-/d3-shape-1.3.7.tgz"
  "version" "1.3.7"
  dependencies:
    "d3-path" "1"

"d3-time-format@2":
  "integrity" "sha512-guv6b2H37s2Uq/GefleCDtbe0XZAuy7Wa49VGkPVPMfLL9qObgBST3lEHJBMUp8S7NdLQAGIvr2KXk8Hc98iKQ=="
  "resolved" "https://registry.npmjs.org/d3-time-format/-/d3-time-format-2.3.0.tgz"
  "version" "2.3.0"
  dependencies:
    "d3-time" "1"

"d3-time@1":
  "integrity" "sha512-Xh0isrZ5rPYYdqhAVk8VLnMEidhz5aP7htAADH6MfzgmmicPkTo8LhkLxci61/lCB7n7UmE3bN0leRt+qvkLxA=="
  "resolved" "https://registry.npmjs.org/d3-time/-/d3-time-1.1.0.tgz"
  "version" "1.1.0"

"d3-timer@^1.0.0":
  "integrity" "sha512-B1JDm0XDaQC+uvo4DT79H0XmBskgS3l6Ve+1SBCfxgmtIb1AVrPIoqd+nPSv+loMX8szQ0sVUhGngL7D5QPiXw=="
  "resolved" "https://registry.npmjs.org/d3-timer/-/d3-timer-1.0.10.tgz"
  "version" "1.0.10"

"d3-voronoi@^1.1.2":
  "integrity" "sha512-dArJ32hchFsrQ8uMiTBLq256MpnZjeuBtdHpaDlYuQyjU0CVzCJl/BVW+SkszaAeH95D/8gxqAhgx0ouAWAfRg=="
  "resolved" "https://registry.npmjs.org/d3-voronoi/-/d3-voronoi-1.1.4.tgz"
  "version" "1.1.4"

"delaunator@^4.0.0":
  "integrity" "sha512-WNPWi1IRKZfCt/qIDMfERkDp93+iZEmOxN2yy4Jg+Xhv8SLk2UTqqbe1sfiipn0and9QrE914/ihdx82Y/Giag=="
  "resolved" "https://registry.npmjs.org/delaunator/-/delaunator-4.0.1.tgz"
  "version" "4.0.1"

"delaunay-find@0.0.5":
  "integrity" "sha512-7yAJ/wmKWj3SgqjtkGqT/RCwI0HWAo5YnHMoF5nYXD8cdci+YSo23iPmgrZUNOpDxRWN91PqxUvMMr2lKpjr+w=="
  "resolved" "https://registry.npmjs.org/delaunay-find/-/delaunay-find-0.0.5.tgz"
  "version" "0.0.5"
  dependencies:
    "delaunator" "^4.0.0"

"dequal@^2.0.2":
  "integrity" "sha512-q9K8BlJVxK7hQYqa6XISGmBZbtQQWVXSrRrWreHC94rMt1QL/Impruc+7p2CYSYuVIUr+YCt6hjrs1kkdJRTug=="
  "resolved" "https://registry.npmjs.org/dequal/-/dequal-2.0.2.tgz"
  "version" "2.0.2"

"dom-helpers@^5.0.1":
  "integrity" "sha512-Ru5o9+V8CpunKnz5LGgWXkmrH/20cGKwcHwS4m73zIvs54CN9epEmT/HLqFJW3kXpakAFkEdzgy1hzlJe3E4OQ=="
  "resolved" "https://registry.npmjs.org/dom-helpers/-/dom-helpers-5.2.0.tgz"
  "version" "5.2.0"
  dependencies:
    "@babel/runtime" "^7.8.7"
    "csstype" "^3.0.2"

"exenv@^1.2.2":
  "integrity" "sha1-KueOhdmJQVhnCwPUe+wfA72Ru50="
  "resolved" "https://registry.npmjs.org/exenv/-/exenv-1.2.2.tgz"
  "version" "1.2.2"

"hoist-non-react-statics@^3.3.2":
  "integrity" "sha512-/gGivxi8JPKWNm/W0jSmzcMPpfpPLc3dY/6GxhX2hQ9iGj3aDfklV4ET7NjKpSinLpJ5vafa9iiGIEZg10SfBw=="
  "resolved" "https://registry.npmjs.org/hoist-non-react-statics/-/hoist-non-react-statics-3.3.2.tgz"
  "version" "3.3.2"
  dependencies:
    "react-is" "^16.7.0"

"hyphenate-style-name@^1.0.3":
  "integrity" "sha512-ygGZLjmXfPHj+ZWh6LwbC37l43MhfztxetbFCoYTM2VjkIUpeHgSNn7QIyVFj7YQ1Wl9Cbw5sholVJPzWvC2MQ=="
  "resolved" "https://registry.npmjs.org/hyphenate-style-name/-/hyphenate-style-name-1.0.4.tgz"
  "version" "1.0.4"

"indefinite-observable@^2.0.1":
  "integrity" "sha512-G8vgmork+6H9S8lUAg1gtXEj2JxIQTo0g2PbFiYOdjkziSI0F7UYBiVwhZRuixhBCNGczAls34+5HJPyZysvxQ=="
  "resolved" "https://registry.npmjs.org/indefinite-observable/-/indefinite-observable-2.0.1.tgz"
  "version" "2.0.1"
  dependencies:
    "symbol-observable" "1.2.0"

"is-arrayish@^0.3.1":
  "integrity" "sha512-eVRqCvVlZbuw3GrM63ovNSNAeA1K16kaR/LRY/92w0zxQ5/1YzwblUX652i4Xs9RwAGjW9d9y6X88t8OaAJfWQ=="
  "resolved" "https://registry.npmjs.org/is-arrayish/-/is-arrayish-0.3.2.tgz"
  "version" "0.3.2"

"is-in-browser@^1.0.2", "is-in-browser@^1.1.3":
  "integrity" "sha1-Vv9NtoOgeMYILrldrX3GLh0E+DU="
  "resolved" "https://registry.npmjs.org/is-in-browser/-/is-in-browser-1.1.3.tgz"
  "version" "1.1.3"

"js-tokens@^3.0.0 || ^4.0.0":
  "integrity" "sha512-RdJUflcE3cUzKiMqQgsCu06FPu9UdIJO0beYbPhHN4k6apgJtifcoCtT9bcxOpYBtpD2kCM6Sbzg4CausW/PKQ=="
  "resolved" "https://registry.npmjs.org/js-tokens/-/js-tokens-4.0.0.tgz"
  "version" "4.0.0"

"json-stringify-safe@^5.0.1":
  "integrity" "sha1-Epai1Y/UXxmg9s4B1lcB4sc1tus="
  "resolved" "https://registry.npmjs.org/json-stringify-safe/-/json-stringify-safe-5.0.1.tgz"
  "version" "5.0.1"

"jss-plugin-camel-case@^10.0.3":
  "integrity" "sha512-GSjPL0adGAkuoqeYiXTgO7PlIrmjv5v8lA6TTBdfxbNYpxADOdGKJgIEkffhlyuIZHlPuuiFYTwUreLUmSn7rg=="
  "resolved" "https://registry.npmjs.org/jss-plugin-camel-case/-/jss-plugin-camel-case-10.5.0.tgz"
  "version" "10.5.0"
  dependencies:
    "@babel/runtime" "^7.3.1"
    "hyphenate-style-name" "^1.0.3"
    "jss" "10.5.0"

"jss-plugin-default-unit@^10.0.3":
  "integrity" "sha512-rsbTtZGCMrbcb9beiDd+TwL991NGmsAgVYH0hATrYJtue9e+LH/Gn4yFD1ENwE+3JzF3A+rPnM2JuD9L/SIIWw=="
  "resolved" "https://registry.npmjs.org/jss-plugin-default-unit/-/jss-plugin-default-unit-10.5.0.tgz"
  "version" "10.5.0"
  dependencies:
    "@babel/runtime" "^7.3.1"
    "jss" "10.5.0"

"jss-plugin-global@^10.0.3":
  "integrity" "sha512-FZd9+JE/3D7HMefEG54fEC0XiQ9rhGtDHAT/ols24y8sKQ1D5KIw6OyXEmIdKFmACgxZV2ARQ5pAUypxkk2IFQ=="
  "resolved" "https://registry.npmjs.org/jss-plugin-global/-/jss-plugin-global-10.5.0.tgz"
  "version" "10.5.0"
  dependencies:
    "@babel/runtime" "^7.3.1"
    "jss" "10.5.0"

"jss-plugin-nested@^10.0.3":
  "integrity" "sha512-ejPlCLNlEGgx8jmMiDk/zarsCZk+DV0YqXfddpgzbO9Toamo0HweCFuwJ3ZO40UFOfqKwfpKMVH/3HUXgxkTMg=="
  "resolved" "https://registry.npmjs.org/jss-plugin-nested/-/jss-plugin-nested-10.5.0.tgz"
  "version" "10.5.0"
  dependencies:
    "@babel/runtime" "^7.3.1"
    "jss" "10.5.0"
    "tiny-warning" "^1.0.2"

"jss-plugin-props-sort@^10.0.3":
  "integrity" "sha512-kTLRvrOetFKz5vM88FAhLNeJIxfjhCepnvq65G7xsAQ/Wgy7HwO1BS/2wE5mx8iLaAWC6Rj5h16mhMk9sKdZxg=="
  "resolved" "https://registry.npmjs.org/jss-plugin-props-sort/-/jss-plugin-props-sort-10.5.0.tgz"
  "version" "10.5.0"
  dependencies:
    "@babel/runtime" "^7.3.1"
    "jss" "10.5.0"

"jss-plugin-rule-value-function@^10.0.3":
  "integrity" "sha512-jXINGr8BSsB13JVuK274oEtk0LoooYSJqTBCGeBu2cG/VJ3+4FPs1gwLgsq24xTgKshtZ+WEQMVL34OprLidRA=="
  "resolved" "https://registry.npmjs.org/jss-plugin-rule-value-function/-/jss-plugin-rule-value-function-10.5.0.tgz"
  "version" "10.5.0"
  dependencies:
    "@babel/runtime" "^7.3.1"
    "jss" "10.5.0"
    "tiny-warning" "^1.0.2"

"jss-plugin-vendor-prefixer@^10.0.3":
  "integrity" "sha512-rux3gmfwDdOKCLDx0IQjTwTm03IfBa+Rm/hs747cOw5Q7O3RaTUIMPKjtVfc31Xr/XI9Abz2XEupk1/oMQ7zRA=="
  "resolved" "https://registry.npmjs.org/jss-plugin-vendor-prefixer/-/jss-plugin-vendor-prefixer-10.5.0.tgz"
  "version" "10.5.0"
  dependencies:
    "@babel/runtime" "^7.3.1"
    "css-vendor" "^2.0.8"
    "jss" "10.5.0"

"jss@^10.0.3", "jss@10.5.0":
  "integrity" "sha512-B6151NvG+thUg3murLNHRPLxTLwQ13ep4SH5brj4d8qKtogOx/jupnpfkPGSHPqvcwKJaCLctpj2lEk+5yGwMw=="
  "resolved" "https://registry.npmjs.org/jss/-/jss-10.5.0.tgz"
  "version" "10.5.0"
  dependencies:
    "@babel/runtime" "^7.3.1"
    "csstype" "^3.0.2"
    "indefinite-observable" "^2.0.1"
    "is-in-browser" "^1.1.3"
    "tiny-warning" "^1.0.2"

"lodash.get@^4.4.2":
  "integrity" "sha1-LRd/ZS+jHpObRDjVNBSZ36OCXpk="
  "resolved" "https://registry.npmjs.org/lodash.get/-/lodash.get-4.4.2.tgz"
  "version" "4.4.2"

"lodash.isequal@^4.5.0":
  "integrity" "sha1-QVxEePK8wwEgwizhDtMib30+GOA="
  "resolved" "https://registry.npmjs.org/lodash.isequal/-/lodash.isequal-4.5.0.tgz"
  "version" "4.5.0"

"lodash@^4.17.19":
  "integrity" "sha512-PlhdFcillOINfeV7Ni6oF1TAEayyZBoZ8bcshTHqOYJYlrqzRK5hagpagky5o4HfCzzd1TRkXPMFq6cKk9rGmA=="
  "resolved" "https://registry.npmjs.org/lodash/-/lodash-4.17.20.tgz"
  "version" "4.17.20"

"loose-envify@^1.1.0", "loose-envify@^1.4.0":
  "integrity" "sha512-lyuxPGr/Wfhrlem2CL/UcnUc1zcqKAImBDzukY7Y5F/yQiNdko6+fRLevlw1HgMySw7f611UIY408EtxRSoK3Q=="
  "resolved" "https://registry.npmjs.org/loose-envify/-/loose-envify-1.4.0.tgz"
  "version" "1.4.0"
  dependencies:
    "js-tokens" "^3.0.0 || ^4.0.0"

"object-assign@^4.1.1":
  "integrity" "sha1-IQmtx5ZYh8/AXLvUQsrIv7s2CGM="
  "resolved" "https://registry.npmjs.org/object-assign/-/object-assign-4.1.1.tgz"
  "version" "4.1.1"

"popper.js@1.16.1-lts":
  "integrity" "sha512-Kjw8nKRl1m+VrSFCoVGPph93W/qrSO7ZkqPpTf7F4bk/sqcfWK019dWBUpE/fBOsOQY1dks/Bmcbfn1heM/IsA=="
  "resolved" "https://registry.npmjs.org/popper.js/-/popper.js-1.16.1-lts.tgz"
  "version" "1.16.1-lts"

"prop-types@^15.5.8", "prop-types@^15.6.2", "prop-types@^15.7.2":
  "integrity" "sha512-8QQikdH7//R2vurIJSutZ1smHYTcLpRWEOlHnzcWHmBYrOGUysKwSsrC89BCiFj3CbrfJ/nXFdJepOVrY1GCHQ=="
  "resolved" "https://registry.npmjs.org/prop-types/-/prop-types-15.7.2.tgz"
  "version" "15.7.2"
  dependencies:
    "loose-envify" "^1.4.0"
    "object-assign" "^4.1.1"
    "react-is" "^16.8.1"

"react-dom@^16.8.0", "react-dom@>=16.6.0":
  "integrity" "sha512-1gCeQXDLoIqMgqD3IO2Ah9bnf0w9kzhwN5q4FGnHZ67hBm9yePzB5JJAIQCc8x3pFnNlwFq4RidZggNAAkzWWw=="
  "resolved" "https://registry.npmjs.org/react-dom/-/react-dom-16.14.0.tgz"
  "version" "16.14.0"
  dependencies:
    "loose-envify" "^1.1.0"
    "object-assign" "^4.1.1"
    "prop-types" "^15.6.2"
    "scheduler" "^0.19.1"

"react-fast-compare@^2.0.0":
  "integrity" "sha512-suNP+J1VU1MWFKcyt7RtjiSWUjvidmQSlqu+eHslq+342xCbGTYmC0mEhPCOHxlW0CywylOC1u2DFAT+bv4dBw=="
  "resolved" "https://registry.npmjs.org/react-fast-compare/-/react-fast-compare-2.0.4.tgz"
  "version" "2.0.4"

"react-from-dom@^0.5.0":
  "integrity" "sha512-Vk0H+XW1oKrqS8bhq1ynG0zgLufUcDQ+CUwJsoYCr1WNH5LVmmfdYBoCBYLHWd1d2PBB3TolqT9gQjORt7f/YA=="
  "resolved" "https://registry.npmjs.org/react-from-dom/-/react-from-dom-0.5.0.tgz"
  "version" "0.5.0"

"react-inlinesvg@^2.1.1":
  "integrity" "sha512-B4CMMuPXzWF02iX9sDeR6OuCAVgrovomg4J26E+2ltc+Zs0dPXBBrW1siBXq9NENsX1rsqPbti0L8AEMpmaVPw=="
  "resolved" "https://registry.npmjs.org/react-inlinesvg/-/react-inlinesvg-2.1.1.tgz"
  "version" "2.1.1"
  dependencies:
    "exenv" "^1.2.2"
    "react-from-dom" "^0.5.0"

"react-is@^16.7.0", "react-is@^16.8.0", "react-is@^16.8.1":
  "integrity" "sha512-24e6ynE2H+OKt4kqsOvNd8kBpV65zoxbA4BVsEOB3ARVWQki/DHzaUoC5KuON/BiccDaCCTZBuOcfZs70kR8bQ=="
  "resolved" "https://registry.npmjs.org/react-is/-/react-is-16.13.1.tgz"
  "version" "16.13.1"

"react-transition-group@^4.4.0":
  "integrity" "sha512-Djqr7OQ2aPUiYurhPalTrVy9ddmFCCzwhqQmtN+J3+3DzLO209Fdr70QrN8Z3DsglWql6iY1lDWAfpFiBtuKGw=="
  "resolved" "https://registry.npmjs.org/react-transition-group/-/react-transition-group-4.4.1.tgz"
  "version" "4.4.1"
  dependencies:
    "@babel/runtime" "^7.5.5"
    "dom-helpers" "^5.0.1"
    "loose-envify" "^1.4.0"
    "prop-types" "^15.6.2"

"react@^15.0.0 || ^16.0.0", "react@^16.14.0", "react@^16.8.0", "react@>=16.13", "react@>=16.6.0":
  "integrity" "sha512-0X2CImDkJGApiAlcf0ODKIneSwBPhqJawOa5wCtKbu7ZECrmS26NvtSILynQ66cgkT/RJ4LidJOc3bUESwmU8g=="
  "resolved" "https://registry.npmjs.org/react/-/react-16.14.0.tgz"
  "version" "16.14.0"
  dependencies:
    "loose-envify" "^1.1.0"
    "object-assign" "^4.1.1"
    "prop-types" "^15.6.2"

"regenerator-runtime@^0.13.4":
  "integrity" "sha512-a54FxoJDIr27pgf7IgeQGxmqUNYrcV338lf/6gH456HZ/PhX+5BcwHXG9ajESmwe6WRO0tAzRUrRmNONWgkrew=="
  "resolved" "https://registry.npmjs.org/regenerator-runtime/-/regenerator-runtime-0.13.7.tgz"
  "version" "0.13.7"

"scheduler@^0.19.1":
  "integrity" "sha512-n/zwRWRYSUj0/3g/otKDRPMh6qv2SYMWNq85IEa8iZyAv8od9zDYpGSnpBEjNgcMNq6Scbu5KfIPxNF72R/2EA=="
  "resolved" "https://registry.npmjs.org/scheduler/-/scheduler-0.19.1.tgz"
  "version" "0.19.1"
  dependencies:
    "loose-envify" "^1.1.0"
    "object-assign" "^4.1.1"

"simple-swizzle@^0.2.2":
  "integrity" "sha1-pNprY1/8zMoz9w0Xy5JZLeleVXo="
  "resolved" "https://registry.npmjs.org/simple-swizzle/-/simple-swizzle-0.2.2.tgz"
  "version" "0.2.2"
  dependencies:
    "is-arrayish" "^0.3.1"

"symbol-observable@1.2.0":
  "integrity" "sha512-e900nM8RRtGhlV36KGEU9k65K3mPb1WV70OdjfxlG2EAuM1noi/E/BaW/uMhL7bPEssK8QV57vN3esixjUvcXQ=="
  "resolved" "https://registry.npmjs.org/symbol-observable/-/symbol-observable-1.2.0.tgz"
  "version" "1.2.0"

"tiny-warning@^1.0.2":
  "integrity" "sha512-lBN9zLN/oAf68o3zNXYrdCt1kP8WsiGW8Oo2ka41b2IM5JL/S1CTyX1rW0mb/zSuJun0ZUrDxx4sqvYS2FWzPA=="
  "resolved" "https://registry.npmjs.org/tiny-warning/-/tiny-warning-1.0.3.tgz"
  "version" "1.0.3"

"use-deep-compare-effect@^1.3.0":
  "integrity" "sha512-46rF7ULcRnxI4+1Zoul95+KB48hpn1MUH1aXEBMyU+Sh1KJDqrTAkwhnxQL6ydBAqu3gLebYylcr0zpVBzbxxQ=="
  "resolved" "https://registry.npmjs.org/use-deep-compare-effect/-/use-deep-compare-effect-1.4.0.tgz"
  "version" "1.4.0"
  dependencies:
    "@babel/runtime" "^7.11.2"
    "@types/use-deep-compare-effect" "^1.2.0"
    "dequal" "^2.0.2"

"victory-area@^35.3.5":
  "integrity" "sha512-W5JuMLCVHjysom1vnwFHXmuAXfAjmzZ4RWDVv0GZTUyZKDjZ0yD0XRKvrLcuN7cX702/5I3T1tf8N7TBICD7Lw=="
  "resolved" "https://registry.npmjs.org/victory-area/-/victory-area-35.3.5.tgz"
  "version" "35.3.5"
  dependencies:
    "d3-shape" "^1.2.0"
    "lodash" "^4.17.19"
    "prop-types" "^15.5.8"
    "victory-core" "^35.3.5"

"victory-axis@^35.3.5":
  "integrity" "sha512-E3E/MjwoFIWLGbn3TU13eUwa+t0FrG4M44uwKUmpmt6U7YCHmMcxb/WkOTyvAuytQl0jcPRI+mI3dNcqxCYhbQ=="
  "resolved" "https://registry.npmjs.org/victory-axis/-/victory-axis-35.3.5.tgz"
  "version" "35.3.5"
  dependencies:
    "lodash" "^4.17.19"
    "prop-types" "^15.5.8"
    "victory-core" "^35.3.5"

"victory-bar@^35.3.5":
  "integrity" "sha512-BDqdWOSubHb+aMvtN6zm5HaNNv4N66xSrHNIr2GC+FFnLp4wWuKtVdx5O4bmiVYWkdXMj1zrMu6KnWfe3/qb1w=="
  "resolved" "https://registry.npmjs.org/victory-bar/-/victory-bar-35.3.5.tgz"
  "version" "35.3.5"
  dependencies:
    "d3-shape" "^1.2.0"
    "lodash" "^4.17.19"
    "prop-types" "^15.5.8"
    "victory-core" "^35.3.5"

"victory-box-plot@^35.3.5":
  "integrity" "sha512-rsX7sQt1qhNVc/1+hSBsU0Rb5WvbBbE/2uQ+7NWKVF744O4/VJLYEYV0DqmrjJtlUo6KP40oL+Ns04c1kv+rzA=="
  "resolved" "https://registry.npmjs.org/victory-box-plot/-/victory-box-plot-35.3.5.tgz"
  "version" "35.3.5"
  dependencies:
    "d3-array" "^1.2.0"
    "lodash" "^4.17.19"
    "prop-types" "^15.5.8"
    "victory-core" "^35.3.5"

"victory-brush-container@^35.3.5":
  "integrity" "sha512-UrzPDKt/PPxhrhbt9xyKxlny52ACAvJHBXdGOohLgtaFjt6xHyFTO6mvmjXtZlt8SxHf3KTc2lezi37b4DsmgA=="
  "resolved" "https://registry.npmjs.org/victory-brush-container/-/victory-brush-container-35.3.5.tgz"
  "version" "35.3.5"
  dependencies:
    "lodash" "^4.17.19"
    "prop-types" "^15.5.8"
    "react-fast-compare" "^2.0.0"
    "victory-core" "^35.3.5"

"victory-brush-line@^35.3.5":
  "integrity" "sha512-YEhTLEY5ImnSBj5fMDGLGpbVPlFkd04PkACXJP4dNsgv4xwJPBbcgRY2DAvkdbpj7Zu6TenRG9AzEU9afM7chw=="
  "resolved" "https://registry.npmjs.org/victory-brush-line/-/victory-brush-line-35.3.5.tgz"
  "version" "35.3.5"
  dependencies:
    "lodash" "^4.17.19"
    "prop-types" "^15.5.8"
    "react-fast-compare" "^2.0.0"
    "victory-core" "^35.3.5"

"victory-candlestick@^35.3.5":
  "integrity" "sha512-V+dK9tqjYMNK7MgJ+zZy1eif9l77xBgMIORVMbwauBPIkiL8Z5eulO+Y9/vq33/4JezDrJFH41WEW+Lg9PonzA=="
  "resolved" "https://registry.npmjs.org/victory-candlestick/-/victory-candlestick-35.3.5.tgz"
  "version" "35.3.5"
  dependencies:
    "lodash" "^4.17.19"
    "prop-types" "^15.5.8"
    "victory-core" "^35.3.5"

"victory-chart@^35.3.5":
  "integrity" "sha512-ByKrqQzZbkw1mvqdSvRrfsSiAZpJ8AAWjeLa1BAfgKwXf/qdoKwU8flCG5cySWNhorUHyNrzFY9vYmzvA0nW8A=="
  "resolved" "https://registry.npmjs.org/victory-chart/-/victory-chart-35.3.5.tgz"
  "version" "35.3.5"
  dependencies:
    "lodash" "^4.17.19"
    "prop-types" "^15.5.8"
    "react-fast-compare" "^2.0.0"
    "victory-axis" "^35.3.5"
    "victory-core" "^35.3.5"
    "victory-polar-axis" "^35.3.5"
    "victory-shared-events" "^35.3.5"

"victory-core@^35.3.5":
  "integrity" "sha512-HhxuXA26X5QZQ/TYsXNUfKtZDHMgTDoA97ln32fV2EDHk1+Sg4KIbMJAaOgsy+2b8y5uUE2Gc37gzABKGhc8dA=="
  "resolved" "https://registry.npmjs.org/victory-core/-/victory-core-35.3.5.tgz"
  "version" "35.3.5"
  dependencies:
    "d3-ease" "^1.0.0"
    "d3-interpolate" "^1.1.1"
    "d3-scale" "^1.0.0"
    "d3-shape" "^1.2.0"
    "d3-timer" "^1.0.0"
    "lodash" "^4.17.19"
    "prop-types" "^15.5.8"
    "react-fast-compare" "^2.0.0"

"victory-create-container@^35.3.5":
  "integrity" "sha512-bDk7F/3a8pXOYjq61MEgpX4f7koatZb2v35n2ZgxoUliXIS1YQ+4bC9gYU3QPVoFDH2xGpwF/MSIKOecxcwwbA=="
  "resolved" "https://registry.npmjs.org/victory-create-container/-/victory-create-container-35.3.5.tgz"
  "version" "35.3.5"
  dependencies:
    "lodash" "^4.17.19"
    "victory-brush-container" "^35.3.5"
    "victory-core" "^35.3.5"
    "victory-cursor-container" "^35.3.5"
    "victory-selection-container" "^35.3.5"
    "victory-voronoi-container" "^35.3.5"
    "victory-zoom-container" "^35.3.5"

"victory-cursor-container@^35.3.5":
  "integrity" "sha512-e1XdEFmh+/VOl6kxMzbqe94DsbOnmzDtFVVx58z1XCMONJIxCVtppG0D88FCyrj8fHFIVnUlHkSObYM9G1kRvg=="
  "resolved" "https://registry.npmjs.org/victory-cursor-container/-/victory-cursor-container-35.3.5.tgz"
  "version" "35.3.5"
  dependencies:
    "lodash" "^4.17.19"
    "prop-types" "^15.5.8"
    "victory-core" "^35.3.5"

"victory-errorbar@^35.3.5":
  "integrity" "sha512-JfuZSCI8lu8AQZ7eja+5eId9Vc4v7qG1Vy/aFp2j+glxINKCCf7Z/oJDKkIRp+ayzFb98T6Cz5LlXdLk9Kj4dw=="
  "resolved" "https://registry.npmjs.org/victory-errorbar/-/victory-errorbar-35.3.5.tgz"
  "version" "35.3.5"
  dependencies:
    "lodash" "^4.17.19"
    "prop-types" "^15.5.8"
    "victory-core" "^35.3.5"

"victory-group@^35.3.5":
  "integrity" "sha512-pRTSb1bPOCQCpK5/eHsTuqiSfb8YRGUKVV1YpZAjDy7tVauF10gdbtItCE1W16rgEd9BrU9MgQZp0May76G2Mw=="
  "resolved" "https://registry.npmjs.org/victory-group/-/victory-group-35.3.5.tgz"
  "version" "35.3.5"
  dependencies:
    "lodash" "^4.17.19"
    "prop-types" "^15.5.8"
    "react-fast-compare" "^2.0.0"
    "victory-core" "^35.3.5"
    "victory-shared-events" "^35.3.5"

"victory-histogram@^35.3.5":
  "integrity" "sha512-eztr8KjA5AAgPLCLWvqnyETOpMhZC+VuUbcISPHJ0n+0Icxy1eawHSPX8pbhPprYg0OoVnDApNsq4gJDcHSk3Q=="
  "resolved" "https://registry.npmjs.org/victory-histogram/-/victory-histogram-35.3.5.tgz"
  "version" "35.3.5"
  dependencies:
    "d3-array" "^2.4.0"
    "d3-scale" "^1.0.0"
    "lodash" "^4.17.19"
    "prop-types" "^15.5.8"
    "react-fast-compare" "^2.0.0"
    "victory-bar" "^35.3.5"
    "victory-core" "^35.3.5"

"victory-legend@^35.3.5":
  "integrity" "sha512-wDSYd88q6INYeM94vGd+jqNYLnTF8Q6zuqfQzuksq+QCkJfFVFkOpD83PPzPVYohCwmlPLCPnVo2VEew3fglAQ=="
  "resolved" "https://registry.npmjs.org/victory-legend/-/victory-legend-35.3.5.tgz"
  "version" "35.3.5"
  dependencies:
    "lodash" "^4.17.19"
    "prop-types" "^15.5.8"
    "victory-core" "^35.3.5"

"victory-line@^35.3.5":
  "integrity" "sha512-//5Lk/LwdBrnBa5Y3y9zkImFL45EySnS+uRUT8OrJOD41Tx5vVRpTAtJ1Ia+lhQ3QKfFvpk/x4tI1nJljE001Q=="
  "resolved" "https://registry.npmjs.org/victory-line/-/victory-line-35.3.5.tgz"
  "version" "35.3.5"
  dependencies:
    "d3-shape" "^1.2.0"
    "lodash" "^4.17.19"
    "prop-types" "^15.5.8"
    "victory-core" "^35.3.5"

"victory-pie@^35.3.5":
  "integrity" "sha512-HR8p8wK5J9Etikicll0cRGchKiB2v7w5iqyV4BzBx2FTvE/5VzAWBm0RjyRqS5ykM2TfDc3lrz1zXsPB2vhcpw=="
  "resolved" "https://registry.npmjs.org/victory-pie/-/victory-pie-35.3.5.tgz"
  "version" "35.3.5"
  dependencies:
    "d3-shape" "^1.0.0"
    "lodash" "^4.17.19"
    "prop-types" "^15.5.8"
    "victory-core" "^35.3.5"

"victory-polar-axis@^35.3.5":
  "integrity" "sha512-i0PdkxxgIFeW1jGHkczGPlHW4reWWXDEhaN/L4dByqv0GmOCRY+HoMxnNgQ9nNQideeHt3BuJWgd4SjPOS6a3A=="
  "resolved" "https://registry.npmjs.org/victory-polar-axis/-/victory-polar-axis-35.3.5.tgz"
  "version" "35.3.5"
  dependencies:
    "lodash" "^4.17.19"
    "prop-types" "^15.5.8"
    "victory-core" "^35.3.5"

"victory-scatter@^35.3.5":
  "integrity" "sha512-we21KDpK6vWZBZnY2LddA4nGmYF3rif5MC9F1hxxJpVX5nVLCqXXJsQgLB8zUKYbWRZVIzzpIp/sDYc1MvSC1g=="
  "resolved" "https://registry.npmjs.org/victory-scatter/-/victory-scatter-35.3.5.tgz"
  "version" "35.3.5"
  dependencies:
    "lodash" "^4.17.19"
    "prop-types" "^15.5.8"
    "victory-core" "^35.3.5"

"victory-selection-container@^35.3.5":
  "integrity" "sha512-iFQZjtD69PYO8RWf4FXKsyS06WGin+0gSUTSW22zEOOTdrzW94yy+F3/EPIUpbwwtMNDm2moctuLgF8Tjd//zA=="
  "resolved" "https://registry.npmjs.org/victory-selection-container/-/victory-selection-container-35.3.5.tgz"
  "version" "35.3.5"
  dependencies:
    "lodash" "^4.17.19"
    "prop-types" "^15.5.8"
    "victory-core" "^35.3.5"

"victory-shared-events@^35.3.5":
  "integrity" "sha512-KUEYZsHTEkO8GlENUoJm5DvcKfvJFrVB4ebtU8kArkTrh/bQFaIWmmyWgGxfFlOzxUcWrxJntXinHse3QKtq8Q=="
  "resolved" "https://registry.npmjs.org/victory-shared-events/-/victory-shared-events-35.3.5.tgz"
  "version" "35.3.5"
  dependencies:
    "json-stringify-safe" "^5.0.1"
    "lodash" "^4.17.19"
    "prop-types" "^15.5.8"
    "react-fast-compare" "^2.0.0"
    "victory-core" "^35.3.5"

"victory-stack@^35.3.5":
  "integrity" "sha512-nO8u7qVvhsreIRxI+8hrzqXqmXr/vgEObS168MuAmhDV7JUV2cnDK9MEHMPPAvM2Anq4o/AYLBifSjQbwkCulQ=="
  "resolved" "https://registry.npmjs.org/victory-stack/-/victory-stack-35.3.5.tgz"
  "version" "35.3.5"
  dependencies:
    "lodash" "^4.17.19"
    "prop-types" "^15.5.8"
    "react-fast-compare" "^2.0.0"
    "victory-core" "^35.3.5"
    "victory-shared-events" "^35.3.5"

"victory-tooltip@^35.3.5":
  "integrity" "sha512-i0VfBYPsm1z3MSoe8a8EPrB4Ytg+6avjBCHbr5//9Sa9eqWzslx1cvVdl1+q6ibC2fCNQpW8W6pmk8FIYHfMAg=="
  "resolved" "https://registry.npmjs.org/victory-tooltip/-/victory-tooltip-35.3.5.tgz"
  "version" "35.3.5"
  dependencies:
    "lodash" "^4.17.19"
    "prop-types" "^15.5.8"
    "victory-core" "^35.3.5"

"victory-voronoi-container@^35.3.5":
  "integrity" "sha512-+qkb0Bk4KpVtNjGDBWeXVBQajuJk5oxH2n9C1fMbLYNKlxjojXTYm5PkZlc5zH4aDSkhK/XFQWf+W67fnqHlTw=="
  "resolved" "https://registry.npmjs.org/victory-voronoi-container/-/victory-voronoi-container-35.3.5.tgz"
  "version" "35.3.5"
  dependencies:
    "delaunay-find" "0.0.5"
    "lodash" "^4.17.19"
    "prop-types" "^15.5.8"
    "react-fast-compare" "^2.0.0"
    "victory-core" "^35.3.5"
    "victory-tooltip" "^35.3.5"

"victory-voronoi@^35.3.5":
  "integrity" "sha512-H8W6So0hCM2l8vJEeaFaHnG0T9oh1FoNWMZXkr8kxo+/38GbvLQLtLovdccYyMNmp5BDxaZ3MZGT0QipbnCVYg=="
  "resolved" "https://registry.npmjs.org/victory-voronoi/-/victory-voronoi-35.3.5.tgz"
  "version" "35.3.5"
  dependencies:
    "d3-voronoi" "^1.1.2"
    "lodash" "^4.17.19"
    "prop-types" "^15.5.8"
    "victory-core" "^35.3.5"

"victory-zoom-container@^35.3.5":
  "integrity" "sha512-pVYNB0X0d6wzmM+T4HRobkC8JXfrd1fOJmNbipz4p4NN5Zef+s7bI/8TvoU4kpOmcgjJREO6qNy9bdg+fpndfg=="
  "resolved" "https://registry.npmjs.org/victory-zoom-container/-/victory-zoom-container-35.3.5.tgz"
  "version" "35.3.5"
  dependencies:
    "lodash" "^4.17.19"
    "prop-types" "^15.5.8"
    "victory-core" "^35.3.5"

"victory@^35.3.5":
  "integrity" "sha512-/sJCSTWVsR92kZeRHtYqgzKlAxYTAk5GgxcMLZKhv61gcan//m6FgMWRkLTeGPZAmVwa+e3iFq5gDxzqcrBw1w=="
  "resolved" "https://registry.npmjs.org/victory/-/victory-35.3.5.tgz"
  "version" "35.3.5"
  dependencies:
    "victory-area" "^35.3.5"
    "victory-axis" "^35.3.5"
    "victory-bar" "^35.3.5"
    "victory-box-plot" "^35.3.5"
    "victory-brush-container" "^35.3.5"
    "victory-brush-line" "^35.3.5"
    "victory-candlestick" "^35.3.5"
    "victory-chart" "^35.3.5"
    "victory-core" "^35.3.5"
    "victory-create-container" "^35.3.5"
    "victory-cursor-container" "^35.3.5"
    "victory-errorbar" "^35.3.5"
    "victory-group" "^35.3.5"
    "victory-histogram" "^35.3.5"
    "victory-legend" "^35.3.5"
    "victory-line" "^35.3.5"
    "victory-pie" "^35.3.5"
    "victory-polar-axis" "^35.3.5"
    "victory-scatter" "^35.3.5"
    "victory-selection-container" "^35.3.5"
    "victory-shared-events" "^35.3.5"
    "victory-stack" "^35.3.5"
    "victory-tooltip" "^35.3.5"
    "victory-voronoi" "^35.3.5"
    "victory-voronoi-container" "^35.3.5"
    "victory-zoom-container" "^35.3.5"
